
Microsoft Visual Studio Solution File, Format Version 12.00
Project("{FAE04EC0-301F-11D3-BF4B-00C04F79EFBC}") = "ConsoleJsonToXml", "ConsoleJsonToXml\ConsoleJsonToXml.csproj", "{4C9EB9CB-9DD3-41F4-A424-0D4009638891}"
EndProject
Global
	GlobalSection(SolutionConfigurationPlatforms) = preSolution
		Debug|Any CPU = Debug|Any CPU
		Release|Any CPU = Release|Any CPU
	EndGlobalSection
	GlobalSection(ProjectConfigurationPlatforms) = postSolution
		{4C9EB9CB-9DD3-41F4-A424-0D4009638891}.Debug|Any CPU.ActiveCfg = Debug|Any CPU
		{4C9EB9CB-9DD3-41F4-A424-0D4009638891}.Debug|Any CPU.Build.0 = Debug|Any CPU
		{4C9EB9CB-9DD3-41F4-A424-0D4009638891}.Release|Any CPU.ActiveCfg = Release|Any CPU
		{4C9EB9CB-9DD3-41F4-A424-0D4009638891}.Release|Any CPU.Build.0 = Release|Any CPU
	EndGlobalSection
EndGlobal
